PODS:
  - Alamofire (5.0.2)
  - Down (0.9.2)
  - Highlightr (2.1.0)
  - SwiftKeychainWrapper (3.4.0)

DEPENDENCIES:
  - Alamofire (~> 5.0)
  - Down
  - Highlightr
  - SwiftKeychainWrapper

SPEC REPOS:
  trunk:
    - Alamofire
    - Down
    - Highlightr
    - SwiftKeychainWrapper

SPEC CHECKSUMS:
  Alamofire: 3ba7a4db18b4f62c4a1c0e1cb39d7f3d52e10ada
  Down: 1f6a14846dff45ae8e7e4334b4e386a5fd3b2412
  Highlightr: 595f3e100737c8de41113385da8bd0b5b65212c6
  SwiftKeychainWrapper: 6fc49fbf7d4a6b0772917acb0e53a1639f6078d6

PODFILE CHECKSUM: 8c131639cf2ea6f5d0ea112260cba8cd73a94ecf

COCOAPODS: 1.8.4
